
Microsoft Visual Studio Solution File, Format Version 12.00
# Visual Studio Version 16
VisualStudioVersion = 16.0.30309.148
MinimumVisualStudioVersion = 10.0.40219.1
Project("{FAE04EC0-301F-11D3-BF4B-00C04F79EFBC}") = "RMDataManager", "RMDataManager\RMDataManager.csproj", "{8B0E017C-3F73-4ABF-B7C6-AA139B7329BF}"
EndProject
Project("{FAE04EC0-301F-11D3-BF4B-00C04F79EFBC}") = "RMDesktopUI", "RMDesktopUI\RMDesktopUI.csproj", "{9DA6D520-FFAE-4FDB-B990-1A9807C5E8D4}"
EndProject
Project("{00D1A9C2-B5F0-4AF3-8072-F6C62B433612}") = "RMData", "RMData\RMData.sqlproj", "{7FAA40AA-2C32-4369-B8C4-514900C372EC}"
EndProject
Project("{FAE04EC0-301F-11D3-BF4B-00C04F79EFBC}") = "RMDataManager.Library", "RMDataManager.Library\RMDataManager.Library.csproj", "{A036A513-994E-405C-A160-0E4D01BEEC61}"
EndProject
Project("{FAE04EC0-301F-11D3-BF4B-00C04F79EFBC}") = "RMDesktopUI.Library", "RMDesktopUI.Library\RMDesktopUI.Library.csproj", "{0630AA5E-38EB-4169-8660-EE9ED8CD2FD4}"
EndProject
Global
	GlobalSection(SolutionConfigurationPlatforms) = preSolution
		Debug|Any CPU = Debug|Any CPU
		Release|Any CPU = Release|Any CPU
	EndGlobalSection
	GlobalSection(ProjectConfigurationPlatforms) = postSolution
		{8B0E017C-3F73-4ABF-B7C6-AA139B7329BF}.Debug|Any CPU.ActiveCfg = Debug|Any CPU
		{8B0E017C-3F73-4ABF-B7C6-AA139B7329BF}.Debug|Any CPU.Build.0 = Debug|Any CPU
		{8B0E017C-3F73-4ABF-B7C6-AA139B7329BF}.Release|Any CPU.ActiveCfg = Release|Any CPU
		{8B0E017C-3F73-4ABF-B7C6-AA139B7329BF}.Release|Any CPU.Build.0 = Release|Any CPU
		{9DA6D520-FFAE-4FDB-B990-1A9807C5E8D4}.Debug|Any CPU.ActiveCfg = Debug|Any CPU
		{9DA6D520-FFAE-4FDB-B990-1A9807C5E8D4}.Debug|Any CPU.Build.0 = Debug|Any CPU
		{9DA6D520-FFAE-4FDB-B990-1A9807C5E8D4}.Release|Any CPU.ActiveCfg = Release|Any CPU
		{9DA6D520-FFAE-4FDB-B990-1A9807C5E8D4}.Release|Any CPU.Build.0 = Release|Any CPU
		{7FAA40AA-2C32-4369-B8C4-514900C372EC}.Debug|Any CPU.ActiveCfg = Debug|Any CPU
		{7FAA40AA-2C32-4369-B8C4-514900C372EC}.Debug|Any CPU.Build.0 = Debug|Any CPU
		{7FAA40AA-2C32-4369-B8C4-514900C372EC}.Debug|Any CPU.Deploy.0 = Debug|Any CPU
		{7FAA40AA-2C32-4369-B8C4-514900C372EC}.Release|Any CPU.ActiveCfg = Release|Any CPU
		{7FAA40AA-2C32-4369-B8C4-514900C372EC}.Release|Any CPU.Build.0 = Release|Any CPU
		{7FAA40AA-2C32-4369-B8C4-514900C372EC}.Release|Any CPU.Deploy.0 = Release|Any CPU
		{A036A513-994E-405C-A160-0E4D01BEEC61}.Debug|Any CPU.ActiveCfg = Debug|Any CPU
		{A036A513-994E-405C-A160-0E4D01BEEC61}.Debug|Any CPU.Build.0 = Debug|Any CPU
		{A036A513-994E-405C-A160-0E4D01BEEC61}.Release|Any CPU.ActiveCfg = Release|Any CPU
		{A036A513-994E-405C-A160-0E4D01BEEC61}.Release|Any CPU.Build.0 = Release|Any CPU
		{0630AA5E-38EB-4169-8660-EE9ED8CD2FD4}.Debug|Any CPU.ActiveCfg = Debug|Any CPU
		{0630AA5E-38EB-4169-8660-EE9ED8CD2FD4}.Debug|Any CPU.Build.0 = Debug|Any CPU
		{0630AA5E-38EB-4169-8660-EE9ED8CD2FD4}.Release|Any CPU.ActiveCfg = Release|Any CPU
		{0630AA5E-38EB-4169-8660-EE9ED8CD2FD4}.Release|Any CPU.Build.0 = Release|Any CPU
	EndGlobalSection
	GlobalSection(SolutionProperties) = preSolution
		HideSolutionNode = FALSE
	EndGlobalSection
	GlobalSection(ExtensibilityGlobals) = postSolution
		SolutionGuid = {F17FF582-A4B5-421E-BA44-6289EEE357B8}
	EndGlobalSection
EndGlobal
